
Microsoft Visual Studio Solution File, Format Version 12.00
# Visual Studio 15
VisualStudioVersion = 15.0.27703.2026
MinimumVisualStudioVersion = 10.0.40219.1
Project("{FAE04EC0-301F-11D3-BF4B-00C04F79EFBC}") = "OpenCartTest", "OpenCartTest\OpenCartTest.csproj", "{4AF42750-66EE-4E7E-BF10-8CC126188138}"
EndProject
Global
	GlobalSection(SolutionConfigurationPlatforms) = preSolution
		Debug|Any CPU = Debug|Any CPU
		Release|Any CPU = Release|Any CPU
	EndGlobalSection
	GlobalSection(ProjectConfigurationPlatforms) = postSolution
		{4AF42750-66EE-4E7E-BF10-8CC126188138}.Debug|Any CPU.ActiveCfg = Debug|Any CPU
		{4AF42750-66EE-4E7E-BF10-8CC126188138}.Debug|Any CPU.Build.0 = Debug|Any CPU
		{4AF42750-66EE-4E7E-BF10-8CC126188138}.Release|Any CPU.ActiveCfg = Release|Any CPU
		{4AF42750-66EE-4E7E-BF10-8CC126188138}.Release|Any CPU.Build.0 = Release|Any CPU
	EndGlobalSection
	GlobalSection(SolutionProperties) = preSolution
		HideSolutionNode = FALSE
	EndGlobalSection
	GlobalSection(ExtensibilityGlobals) = postSolution
		SolutionGuid = {6CEAE78C-F35A-43C1-8E9C-F3E32FB68D56}
	EndGlobalSection
EndGlobal
